
Microsoft Visual Studio Solution File, Format Version 12.00
# Visual Studio Version 17
VisualStudioVersion = 17.3.32929.385
MinimumVisualStudioVersion = 10.0.40219.1
Project("{FAE04EC0-301F-11D3-BF4B-00C04F79EFBC}") = "Abc.ServiceModel.HL7", "src\Abc.ServiceModel.HL7\Abc.ServiceModel.HL7.csproj", "{F6A9D179-E27F-495C-8AAF-0CB83685834F}"
EndProject
Project("{2150E333-8FDC-42A3-9474-1A3956D46DE8}") = "Solution Items", "Solution Items", "{F3960359-D4E2-44CC-8034-58B1F9A6E111}"
	ProjectSection(SolutionItems) = preProject
		Directory.Build.props = Directory.Build.props
	EndProjectSection
EndProject
Global
	GlobalSection(SolutionConfigurationPlatforms) = preSolution
		Debug|Any CPU = Debug|Any CPU
		Release|Any CPU = Release|Any CPU
	EndGlobalSection
	GlobalSection(ProjectConfigurationPlatforms) = postSolution
		{F6A9D179-E27F-495C-8AAF-0CB83685834F}.Debug|Any CPU.ActiveCfg = Debug|Any CPU
		{F6A9D179-E27F-495C-8AAF-0CB83685834F}.Debug|Any CPU.Build.0 = Debug|Any CPU
		{F6A9D179-E27F-495C-8AAF-0CB83685834F}.Release|Any CPU.ActiveCfg = Release|Any CPU
		{F6A9D179-E27F-495C-8AAF-0CB83685834F}.Release|Any CPU.Build.0 = Release|Any CPU
	EndGlobalSection
	GlobalSection(SolutionProperties) = preSolution
		HideSolutionNode = FALSE
	EndGlobalSection
	GlobalSection(ExtensibilityGlobals) = postSolution
		SolutionGuid = {7B5A0E3F-5E16-4648-9453-C4E1E51A7A38}
	EndGlobalSection
EndGlobal
